// !$*UTF8*$!
{
	archiveVersion = 1;
	classes = {
	};
	objectVersion = 45;
	objects = {

/* Begin PBXAggregateTarget section */
		153B41BA105BF0B100DB8FB2 /* MuiKit (Mac OS X) */ = {
			isa = PBXAggregateTarget;
			buildConfigurationList = 153B41C1105BF0B100DB8FB2 /* Build configuration list for PBXAggregateTarget "MuiKit (Mac OS X)" */;
			buildPhases = (
			);
			dependencies = (
				153B41BD105BF0B100DB8FB2 /* PBXTargetDependency */,
				153B41BF105BF0B100DB8FB2 /* PBXTargetDependency */,
				153B41C6105BF0C700DB8FB2 /* PBXTargetDependency */,
			);
			name = "MuiKit (Mac OS X)";
			productName = MuiKit;
		};
		156FD75C0F7A259A00F83283 /* MuiKit (Headers) */ = {
			isa = PBXAggregateTarget;
			buildConfigurationList = 156FD7600F7A25B300F83283 /* Build configuration list for PBXAggregateTarget "MuiKit (Headers)" */;
			buildPhases = (
				156FD75B0F7A259A00F83283 /* CopyFiles */,
			);
			dependencies = (
			);
			name = "MuiKit (Headers)";
			productName = "MuiKit (Headers)";
		};
		156FD7720F7A261B00F83283 /* MuiKit */ = {
			isa = PBXAggregateTarget;
			buildConfigurationList = 156FD77C0F7A265C00F83283 /* Build configuration list for PBXAggregateTarget "MuiKit" */;
			buildPhases = (
			);
			dependencies = (
				156FD7760F7A261F00F83283 /* PBXTargetDependency */,
				156FD7780F7A261F00F83283 /* PBXTargetDependency */,
				156FD77A0F7A261F00F83283 /* PBXTargetDependency */,
			);
			name = MuiKit;
			productName = MuiKit;
		};
/* End PBXAggregateTarget section */

/* Begin PBXBuildFile section */
		1518EF571010B69D009C334E /* L0KVODispatcher.m in Sources */ = {isa = PBXBuildFile; fileRef = 1518EF551010B69D009C334E /* L0KVODispatcher.m */; };
		1518EF581010B6A5009C334E /* L0KVODispatcher.h in CopyFiles */ = {isa = PBXBuildFile; fileRef = 1518EF541010B69D009C334E /* L0KVODispatcher.h */; };
		153B4150105BEFCA00DB8FB2 /* L0ExternalURLOpeningDetection.h in Headers */ = {isa = PBXBuildFile; fileRef = 154B01FD0F7816210082109B /* L0ExternalURLOpeningDetection.h */; };
		153B4151105BEFCA00DB8FB2 /* L0SolicitReviewController.h in Headers */ = {isa = PBXBuildFile; fileRef = 154B01FF0F7816210082109B /* L0SolicitReviewController.h */; };
		153B4152105BEFCA00DB8FB2 /* UIImage+L0RenderingAdditions.h in Headers */ = {isa = PBXBuildFile; fileRef = 154B02010F7816210082109B /* UIImage+L0RenderingAdditions.h */; };
		153B4153105BEFCA00DB8FB2 /* L0DraggableView.h in Headers */ = {isa = PBXBuildFile; fileRef = 154B02030F7816210082109B /* L0DraggableView.h */; };
		153B4154105BEFCA00DB8FB2 /* UIAlertView+L0Alert.h in Headers */ = {isa = PBXBuildFile; fileRef = 154B02040F7816210082109B /* UIAlertView+L0Alert.h */; };
		153B4155105BEFCA00DB8FB2 /* L0UUID.h in Headers */ = {isa = PBXBuildFile; fileRef = 1559B5C50F7987F6005E4362 /* L0UUID.h */; };
		153B4156105BEFCA00DB8FB2 /* L0FlipViewController.h in Headers */ = {isa = PBXBuildFile; fileRef = 1578916B0F7CE8F5006FF0C0 /* L0FlipViewController.h */; };
		153B4157105BEFCA00DB8FB2 /* UIDevice+L0ModelDetection.h in Headers */ = {isa = PBXBuildFile; fileRef = 15B929520F90726A001E40B7 /* UIDevice+L0ModelDetection.h */; };
		153B4159105BEFCA00DB8FB2 /* L0ExternalURLOpeningDetection.m in Sources */ = {isa = PBXBuildFile; fileRef = 154B01FB0F7816210082109B /* L0ExternalURLOpeningDetection.m */; };
		153B415A105BEFCA00DB8FB2 /* L0SolicitReviewController.m in Sources */ = {isa = PBXBuildFile; fileRef = 154B01FC0F7816210082109B /* L0SolicitReviewController.m */; };
		153B415B105BEFCA00DB8FB2 /* UIImage+L0RenderingAdditions.m in Sources */ = {isa = PBXBuildFile; fileRef = 154B01FE0F7816210082109B /* UIImage+L0RenderingAdditions.m */; };
		153B415C105BEFCA00DB8FB2 /* UIAlertView+L0Alert.m in Sources */ = {isa = PBXBuildFile; fileRef = 154B02000F7816210082109B /* UIAlertView+L0Alert.m */; };
		153B415D105BEFCA00DB8FB2 /* L0DraggableView.m in Sources */ = {isa = PBXBuildFile; fileRef = 154B02020F7816210082109B /* L0DraggableView.m */; };
		153B415E105BEFCA00DB8FB2 /* L0UUID.m in Sources */ = {isa = PBXBuildFile; fileRef = 1559B5C40F7987F6005E4362 /* L0UUID.m */; };
		153B415F105BEFCA00DB8FB2 /* L0FlipViewController.m in Sources */ = {isa = PBXBuildFile; fileRef = 1578916C0F7CE8F6006FF0C0 /* L0FlipViewController.m */; };
		153B4160105BEFCA00DB8FB2 /* UIDevice+L0ModelDetection.m in Sources */ = {isa = PBXBuildFile; fileRef = 15B929530F90726A001E40B7 /* UIDevice+L0ModelDetection.m */; };
		153B4161105BEFCA00DB8FB2 /* L0ActionSheet.m in Sources */ = {isa = PBXBuildFile; fileRef = 15FD323F0FB9600000EB8ED5 /* L0ActionSheet.m */; };
		153B4162105BEFCA00DB8FB2 /* NSURL+L0URLParsing.m in Sources */ = {isa = PBXBuildFile; fileRef = 15AF56340FBAAE9200BE7F71 /* NSURL+L0URLParsing.m */; };
		153B4163105BEFCA00DB8FB2 /* UIApplication+L0NetworkIndicator.m in Sources */ = {isa = PBXBuildFile; fileRef = 153B7FE00FF2049300DDFD16 /* UIApplication+L0NetworkIndicator.m */; };
		153B4164105BEFCA00DB8FB2 /* L0KVODispatcher.m in Sources */ = {isa = PBXBuildFile; fileRef = 1518EF551010B69D009C334E /* L0KVODispatcher.m */; };
		153B4165105BEFCA00DB8FB2 /* NSURL+L0URLResolvingRedirects.m in Sources */ = {isa = PBXBuildFile; fileRef = 15C0401210110ECB0090B009 /* NSURL+L0URLResolvingRedirects.m */; };
		153B4166105BEFCA00DB8FB2 /* NSData+L0IPAddressTools.m in Sources */ = {isa = PBXBuildFile; fileRef = 15C97853103C863900BA4071 /* NSData+L0IPAddressTools.m */; };
		153B4167105BEFCA00DB8FB2 /* L0Map.m in Sources */ = {isa = PBXBuildFile; fileRef = 15F603B6105BD80300F73794 /* L0Map.m */; };
		153B7FE20FF2049300DDFD16 /* UIApplication+L0NetworkIndicator.m in Sources */ = {isa = PBXBuildFile; fileRef = 153B7FE00FF2049300DDFD16 /* UIApplication+L0NetworkIndicator.m */; };
		153B7FE40FF2054D00DDFD16 /* UIApplication+L0NetworkIndicator.h in CopyFiles */ = {isa = PBXBuildFile; fileRef = 153B7FDF0FF2049300DDFD16 /* UIApplication+L0NetworkIndicator.h */; };
		154635831011C0D6000238EE /* L0ActionSheet.m in Sources */ = {isa = PBXBuildFile; fileRef = 15FD323F0FB9600000EB8ED5 /* L0ActionSheet.m */; };
		154635841011C0D6000238EE /* L0DraggableView.m in Sources */ = {isa = PBXBuildFile; fileRef = 154B02020F7816210082109B /* L0DraggableView.m */; };
		154635851011C0D6000238EE /* L0ExternalURLOpeningDetection.m in Sources */ = {isa = PBXBuildFile; fileRef = 154B01FB0F7816210082109B /* L0ExternalURLOpeningDetection.m */; };
		154635861011C0D6000238EE /* L0FlipViewController.m in Sources */ = {isa = PBXBuildFile; fileRef = 1578916C0F7CE8F6006FF0C0 /* L0FlipViewController.m */; };
		154635871011C0D6000238EE /* L0KVODispatcher+Test.m in Sources */ = {isa = PBXBuildFile; fileRef = 154635761011BDAE000238EE /* L0KVODispatcher+Test.m */; };
		154635881011C0D6000238EE /* L0KVODispatcher.m in Sources */ = {isa = PBXBuildFile; fileRef = 1518EF551010B69D009C334E /* L0KVODispatcher.m */; };
		154635891011C0D6000238EE /* L0SolicitReviewController.m in Sources */ = {isa = PBXBuildFile; fileRef = 154B01FC0F7816210082109B /* L0SolicitReviewController.m */; };
		1546358A1011C0D6000238EE /* L0UUID.m in Sources */ = {isa = PBXBuildFile; fileRef = 1559B5C40F7987F6005E4362 /* L0UUID.m */; };
		1546358B1011C0D6000238EE /* NSURL+L0URLParsing.m in Sources */ = {isa = PBXBuildFile; fileRef = 15AF56340FBAAE9200BE7F71 /* NSURL+L0URLParsing.m */; };
		1546358C1011C0D6000238EE /* NSURL+L0URLResolvingRedirects.m in Sources */ = {isa = PBXBuildFile; fileRef = 15C0401210110ECB0090B009 /* NSURL+L0URLResolvingRedirects.m */; };
		1546358D1011C0D6000238EE /* UIAlertView+L0Alert.m in Sources */ = {isa = PBXBuildFile; fileRef = 154B02220F78170B0082109B /* UIAlertView+L0Alert.m */; };
		1546358E1011C0D6000238EE /* UIApplication+L0NetworkIndicator.m in Sources */ = {isa = PBXBuildFile; fileRef = 153B7FE00FF2049300DDFD16 /* UIApplication+L0NetworkIndicator.m */; };
		1546358F1011C0D6000238EE /* UIDevice+L0ModelDetection.m in Sources */ = {isa = PBXBuildFile; fileRef = 15B929530F90726A001E40B7 /* UIDevice+L0ModelDetection.m */; };
		154635901011C0D6000238EE /* UIImage+L0RenderingAdditions.m in Sources */ = {isa = PBXBuildFile; fileRef = 154B01FE0F7816210082109B /* UIImage+L0RenderingAdditions.m */; };
		154635AF1011C13A000238EE /* UIKit.framework in Frameworks */ = {isa = PBXBuildFile; fileRef = 154635AE1011C13A000238EE /* UIKit.framework */; };
		154635B11011C13F000238EE /* CoreGraphics.framework in Frameworks */ = {isa = PBXBuildFile; fileRef = 154635B01011C13F000238EE /* CoreGraphics.framework */; };
		154B02050F7816210082109B /* L0ExternalURLOpeningDetection.m in Sources */ = {isa = PBXBuildFile; fileRef = 154B01FB0F7816210082109B /* L0ExternalURLOpeningDetection.m */; };
		154B02060F7816210082109B /* L0SolicitReviewController.m in Sources */ = {isa = PBXBuildFile; fileRef = 154B01FC0F7816210082109B /* L0SolicitReviewController.m */; };
		154B02070F7816210082109B /* L0ExternalURLOpeningDetection.h in Headers */ = {isa = PBXBuildFile; fileRef = 154B01FD0F7816210082109B /* L0ExternalURLOpeningDetection.h */; };
		154B02080F7816210082109B /* UIImage+L0RenderingAdditions.m in Sources */ = {isa = PBXBuildFile; fileRef = 154B01FE0F7816210082109B /* UIImage+L0RenderingAdditions.m */; };
		154B02090F7816210082109B /* L0SolicitReviewController.h in Headers */ = {isa = PBXBuildFile; fileRef = 154B01FF0F7816210082109B /* L0SolicitReviewController.h */; };
		154B020A0F7816210082109B /* UIAlertView+L0Alert.m in Sources */ = {isa = PBXBuildFile; fileRef = 154B02000F7816210082109B /* UIAlertView+L0Alert.m */; };
		154B020B0F7816210082109B /* UIImage+L0RenderingAdditions.h in Headers */ = {isa = PBXBuildFile; fileRef = 154B02010F7816210082109B /* UIImage+L0RenderingAdditions.h */; };
		154B020C0F7816210082109B /* L0DraggableView.m in Sources */ = {isa = PBXBuildFile; fileRef = 154B02020F7816210082109B /* L0DraggableView.m */; };
		154B020D0F7816210082109B /* L0DraggableView.h in Headers */ = {isa = PBXBuildFile; fileRef = 154B02030F7816210082109B /* L0DraggableView.h */; };
		154B020E0F7816210082109B /* UIAlertView+L0Alert.h in Headers */ = {isa = PBXBuildFile; fileRef = 154B02040F7816210082109B /* UIAlertView+L0Alert.h */; };
		15518FE40F8255950055BCEC /* L0FlipViewController.h in CopyFiles */ = {isa = PBXBuildFile; fileRef = 1578916B0F7CE8F5006FF0C0 /* L0FlipViewController.h */; };
		1559B5C60F7987F6005E4362 /* L0UUID.m in Sources */ = {isa = PBXBuildFile; fileRef = 1559B5C40F7987F6005E4362 /* L0UUID.m */; };
		1559B5C70F7987F6005E4362 /* L0UUID.h in Headers */ = {isa = PBXBuildFile; fileRef = 1559B5C50F7987F6005E4362 /* L0UUID.h */; };
		156FD7610F7A25E500F83283 /* L0ExternalURLOpeningDetection.h in CopyFiles */ = {isa = PBXBuildFile; fileRef = 154B01FD0F7816210082109B /* L0ExternalURLOpeningDetection.h */; };
		156FD7620F7A25E500F83283 /* L0SolicitReviewController.h in CopyFiles */ = {isa = PBXBuildFile; fileRef = 154B01FF0F7816210082109B /* L0SolicitReviewController.h */; };
		156FD7630F7A25E500F83283 /* UIImage+L0RenderingAdditions.h in CopyFiles */ = {isa = PBXBuildFile; fileRef = 154B02010F7816210082109B /* UIImage+L0RenderingAdditions.h */; };
		156FD7640F7A25E500F83283 /* L0DraggableView.h in CopyFiles */ = {isa = PBXBuildFile; fileRef = 154B02030F7816210082109B /* L0DraggableView.h */; };
		156FD7650F7A25E500F83283 /* UIAlertView+L0Alert.h in CopyFiles */ = {isa = PBXBuildFile; fileRef = 154B02040F7816210082109B /* UIAlertView+L0Alert.h */; };
		156FD7660F7A25E500F83283 /* L0UUID.h in CopyFiles */ = {isa = PBXBuildFile; fileRef = 1559B5C50F7987F6005E4362 /* L0UUID.h */; };
		156FD7700F7A260F00F83283 /* L0SolicitReview.strings in Resources */ = {isa = PBXBuildFile; fileRef = 154B021F0F7816FD0082109B /* L0SolicitReview.strings */; };
		156FD7710F7A260F00F83283 /* L0SolicitReview.alert in Resources */ = {isa = PBXBuildFile; fileRef = 154B02160F7816910082109B /* L0SolicitReview.alert */; };
		156FD7EF0F7A2C2C00F83283 /* MuiKit.h in CopyFiles */ = {isa = PBXBuildFile; fileRef = 15B446660F79028E00DA63E9 /* MuiKit.h */; };
		1578916D0F7CE8F6006FF0C0 /* L0FlipViewController.h in Headers */ = {isa = PBXBuildFile; fileRef = 1578916B0F7CE8F5006FF0C0 /* L0FlipViewController.h */; };
		1578916E0F7CE8F6006FF0C0 /* L0FlipViewController.m in Sources */ = {isa = PBXBuildFile; fileRef = 1578916C0F7CE8F6006FF0C0 /* L0FlipViewController.m */; };
		15AF56360FBAAE9200BE7F71 /* NSURL+L0URLParsing.m in Sources */ = {isa = PBXBuildFile; fileRef = 15AF56340FBAAE9200BE7F71 /* NSURL+L0URLParsing.m */; };
		15AF56370FBAAE9600BE7F71 /* NSURL+L0URLParsing.h in CopyFiles */ = {isa = PBXBuildFile; fileRef = 15AF56330FBAAE9200BE7F71 /* NSURL+L0URLParsing.h */; };
		15B929540F90726A001E40B7 /* UIDevice+L0ModelDetection.h in CopyFiles */ = {isa = PBXBuildFile; fileRef = 15B929520F90726A001E40B7 /* UIDevice+L0ModelDetection.h */; };
		15B929560F90726A001E40B7 /* UIDevice+L0ModelDetection.h in Headers */ = {isa = PBXBuildFile; fileRef = 15B929520F90726A001E40B7 /* UIDevice+L0ModelDetection.h */; };
		15B929570F90726A001E40B7 /* UIDevice+L0ModelDetection.m in Sources */ = {isa = PBXBuildFile; fileRef = 15B929530F90726A001E40B7 /* UIDevice+L0ModelDetection.m */; };
		15C0401410110ECB0090B009 /* NSURL+L0URLResolvingRedirects.m in Sources */ = {isa = PBXBuildFile; fileRef = 15C0401210110ECB0090B009 /* NSURL+L0URLResolvingRedirects.m */; };
		15C04047101114A30090B009 /* NSURL+L0URLResolvingRedirects.h in CopyFiles */ = {isa = PBXBuildFile; fileRef = 15C0401110110ECB0090B009 /* NSURL+L0URLResolvingRedirects.h */; };
		15C0C1680FDFD03B005A75B6 /* L0KVODictionaryAdditions.h in CopyFiles */ = {isa = PBXBuildFile; fileRef = 15C0C1540FDFCF22005A75B6 /* L0KVODictionaryAdditions.h */; };
		15C34BD31084F53B00CEA68A /* L0WebViewController.m in Sources */ = {isa = PBXBuildFile; fileRef = 15C34BD11084F53B00CEA68A /* L0WebViewController.m */; };
		15C34BD41084F55A00CEA68A /* L0WebViewController.h in CopyFiles */ = {isa = PBXBuildFile; fileRef = 15C34BD01084F53B00CEA68A /* L0WebViewController.h */; };
		15C97855103C863900BA4071 /* NSData+L0IPAddressTools.m in Sources */ = {isa = PBXBuildFile; fileRef = 15C97853103C863900BA4071 /* NSData+L0IPAddressTools.m */; };
		15C9785A103C8D0600BA4071 /* NSData+L0IPAddressTools.h in CopyFiles */ = {isa = PBXBuildFile; fileRef = 15C97852103C863900BA4071 /* NSData+L0IPAddressTools.h */; };
		15F603B8105BD80300F73794 /* L0Map.m in Sources */ = {isa = PBXBuildFile; fileRef = 15F603B6105BD80300F73794 /* L0Map.m */; };
		15F60438105BDED500F73794 /* L0Map.h in CopyFiles */ = {isa = PBXBuildFile; fileRef = 15F603B5105BD80300F73794 /* L0Map.h */; };
		15FD32410FB9600000EB8ED5 /* L0ActionSheet.m in Sources */ = {isa = PBXBuildFile; fileRef = 15FD323F0FB9600000EB8ED5 /* L0ActionSheet.m */; };
		15FD32420FB9600400EB8ED5 /* L0ActionSheet.h in CopyFiles */ = {isa = PBXBuildFile; fileRef = 15FD323E0FB9600000EB8ED5 /* L0ActionSheet.h */; };
/* End PBXBuildFile section */

/* Begin PBXContainerItemProxy section */
		153B41BE105BF0B100DB8FB2 /* PBXContainerItemProxy */ = {
			isa = PBXContainerItemProxy;
			containerPortal = 154B01DE0F7815560082109B /* Project object */;
			proxyType = 1;
			remoteGlobalIDString = 156FD75C0F7A259A00F83283;
			remoteInfo = "MuiKit (Headers)";
		};
		153B41C0105BF0B100DB8FB2 /* PBXContainerItemProxy */ = {
			isa = PBXContainerItemProxy;
			containerPortal = 154B01DE0F7815560082109B /* Project object */;
			proxyType = 1;
			remoteGlobalIDString = 156FD76A0F7A25F900F83283;
			remoteInfo = "MuiKit (Resources)";
		};
		153B41C5105BF0C700DB8FB2 /* PBXContainerItemProxy */ = {
			isa = PBXContainerItemProxy;
			containerPortal = 154B01DE0F7815560082109B /* Project object */;
			proxyType = 1;
			remoteGlobalIDString = 153B414E105BEFCA00DB8FB2;
			remoteInfo = "MuiKit (Library - Mac OS X)";
		};
		156FD7750F7A261F00F83283 /* PBXContainerItemProxy */ = {
			isa = PBXContainerItemProxy;
			containerPortal = 154B01DE0F7815560082109B /* Project object */;
			proxyType = 1;
			remoteGlobalIDString = 154B01EF0F78156D0082109B;
			remoteInfo = "MuiKit (Library)";
		};
		156FD7770F7A261F00F83283 /* PBXContainerItemProxy */ = {
			isa = PBXContainerItemProxy;
			containerPortal = 154B01DE0F7815560082109B /* Project object */;
			proxyType = 1;
			remoteGlobalIDString = 156FD75C0F7A259A00F83283;
			remoteInfo = "MuiKit (Headers)";
		};
		156FD7790F7A261F00F83283 /* PBXContainerItemProxy */ = {
			isa = PBXContainerItemProxy;
			containerPortal = 154B01DE0F7815560082109B /* Project object */;
			proxyType = 1;
			remoteGlobalIDString = 156FD76A0F7A25F900F83283;
			remoteInfo = "MuiKit (Resources)";
		};
/* End PBXContainerItemProxy section */

/* Begin PBXCopyFilesBuildPhase section */
		156FD75B0F7A259A00F83283 /* CopyFiles */ = {
			isa = PBXCopyFilesBuildPhase;
			buildActionMask = 2147483647;
			dstPath = "$(SRCROOT)/Build/Headers/MuiKit";
			dstSubfolderSpec = 0;
			files = (
				156FD7EF0F7A2C2C00F83283 /* MuiKit.h in CopyFiles */,
				156FD7610F7A25E500F83283 /* L0ExternalURLOpeningDetection.h in CopyFiles */,
				156FD7620F7A25E500F83283 /* L0SolicitReviewController.h in CopyFiles */,
				156FD7630F7A25E500F83283 /* UIImage+L0RenderingAdditions.h in CopyFiles */,
				156FD7640F7A25E500F83283 /* L0DraggableView.h in CopyFiles */,
				156FD7650F7A25E500F83283 /* UIAlertView+L0Alert.h in CopyFiles */,
				156FD7660F7A25E500F83283 /* L0UUID.h in CopyFiles */,
				15518FE40F8255950055BCEC /* L0FlipViewController.h in CopyFiles */,
				15B929540F90726A001E40B7 /* UIDevice+L0ModelDetection.h in CopyFiles */,
				15FD32420FB9600400EB8ED5 /* L0ActionSheet.h in CopyFiles */,
				15AF56370FBAAE9600BE7F71 /* NSURL+L0URLParsing.h in CopyFiles */,
				15C0C1680FDFD03B005A75B6 /* L0KVODictionaryAdditions.h in CopyFiles */,
				153B7FE40FF2054D00DDFD16 /* UIApplication+L0NetworkIndicator.h in CopyFiles */,
				1518EF581010B6A5009C334E /* L0KVODispatcher.h in CopyFiles */,
				15C04047101114A30090B009 /* NSURL+L0URLResolvingRedirects.h in CopyFiles */,
				15C9785A103C8D0600BA4071 /* NSData+L0IPAddressTools.h in CopyFiles */,
				15F60438105BDED500F73794 /* L0Map.h in CopyFiles */,
				15C34BD41084F55A00CEA68A /* L0WebViewController.h in CopyFiles */,
			);
			runOnlyForDeploymentPostprocessing = 0;
		};
/* End PBXCopyFilesBuildPhase section */

/* Begin PBXFileReference section */
		1518EF541010B69D009C334E /* L0KVODispatcher.h */ = {isa = PBXFileReference; fileEncoding = 4; lastKnownFileType = sourcecode.c.h; path = L0KVODispatcher.h; sourceTree = "<group>"; };
		1518EF551010B69D009C334E /* L0KVODispatcher.m */ = {isa = PBXFileReference; fileEncoding = 4; lastKnownFileType = sourcecode.c.objc; path = L0KVODispatcher.m; sourceTree = "<group>"; };
		153B416C105BEFCA00DB8FB2 /* libMuiKit-Mac.a */ = {isa = PBXFileReference; explicitFileType = archive.ar; includeInIndex = 0; path = "libMuiKit-Mac.a"; sourceTree = BUILT_PRODUCTS_DIR; };
		153B7FDF0FF2049300DDFD16 /* UIApplication+L0NetworkIndicator.h */ = {isa = PBXFileReference; fileEncoding = 4; lastKnownFileType = sourcecode.c.h; path = "UIApplication+L0NetworkIndicator.h"; sourceTree = "<group>"; };
		153B7FE00FF2049300DDFD16 /* UIApplication+L0NetworkIndicator.m */ = {isa = PBXFileReference; fileEncoding = 4; lastKnownFileType = sourcecode.c.objc; path = "UIApplication+L0NetworkIndicator.m"; sourceTree = "<group>"; };
		154635591011BD77000238EE /* MuiKit+Test.octest */ = {isa = PBXFileReference; explicitFileType = wrapper.cfbundle; includeInIndex = 0; path = "MuiKit+Test.octest"; sourceTree = BUILT_PRODUCTS_DIR; };
		1546355A1011BD77000238EE /* MuiKit+Test-Info.plist */ = {isa = PBXFileReference; lastKnownFileType = text.plist.xml; path = "MuiKit+Test-Info.plist"; sourceTree = "<group>"; };
		154635761011BDAE000238EE /* L0KVODispatcher+Test.m */ = {isa = PBXFileReference; fileEncoding = 4; lastKnownFileType = sourcecode.c.objc; path = "L0KVODispatcher+Test.m"; sourceTree = "<group>"; };
		154635AE1011C13A000238EE /* UIKit.framework */ = {isa = PBXFileReference; lastKnownFileType = wrapper.framework; name = UIKit.framework; path = System/Library/Frameworks/UIKit.framework; sourceTree = SDKROOT; };
		154635B01011C13F000238EE /* CoreGraphics.framework */ = {isa = PBXFileReference; lastKnownFileType = wrapper.framework; name = CoreGraphics.framework; path = System/Library/Frameworks/CoreGraphics.framework; sourceTree = SDKROOT; };
		154B01F00F78156D0082109B /* libMuiKit.a */ = {isa = PBXFileReference; explicitFileType = archive.ar; includeInIndex = 0; path = libMuiKit.a; sourceTree = BUILT_PRODUCTS_DIR; };
		154B01F60F7815CA0082109B /* MuiKit.xcconfig */ = {isa = PBXFileReference; fileEncoding = 4; lastKnownFileType = text.xcconfig; path = MuiKit.xcconfig; sourceTree = "<group>"; };
		154B01FB0F7816210082109B /* L0ExternalURLOpeningDetection.m */ = {isa = PBXFileReference; fileEncoding = 4; lastKnownFileType = sourcecode.c.objc; path = L0ExternalURLOpeningDetection.m; sourceTree = "<group>"; };
		154B01FC0F7816210082109B /* L0SolicitReviewController.m */ = {isa = PBXFileReference; fileEncoding = 4; lastKnownFileType = sourcecode.c.objc; path = L0SolicitReviewController.m; sourceTree = "<group>"; };
		154B01FD0F7816210082109B /* L0ExternalURLOpeningDetection.h */ = {isa = PBXFileReference; fileEncoding = 4; lastKnownFileType = sourcecode.c.h; path = L0ExternalURLOpeningDetection.h; sourceTree = "<group>"; };
		154B01FE0F7816210082109B /* UIImage+L0RenderingAdditions.m */ = {isa = PBXFileReference; fileEncoding = 4; lastKnownFileType = sourcecode.c.objc; path = "UIImage+L0RenderingAdditions.m"; sourceTree = "<group>"; };
		154B01FF0F7816210082109B /* L0SolicitReviewController.h */ = {isa = PBXFileReference; fileEncoding = 4; lastKnownFileType = sourcecode.c.h; path = L0SolicitReviewController.h; sourceTree = "<group>"; };
		154B02000F7816210082109B /* UIAlertView+L0Alert.m */ = {isa = PBXFileReference; fileEncoding = 4; lastKnownFileType = sourcecode.c.objc; path = "UIAlertView+L0Alert.m"; sourceTree = "<group>"; };
		154B02010F7816210082109B /* UIImage+L0RenderingAdditions.h */ = {isa = PBXFileReference; fileEncoding = 4; lastKnownFileType = sourcecode.c.h; path = "UIImage+L0RenderingAdditions.h"; sourceTree = "<group>"; };
		154B02020F7816210082109B /* L0DraggableView.m */ = {isa = PBXFileReference; fileEncoding = 4; lastKnownFileType = sourcecode.c.objc; path = L0DraggableView.m; sourceTree = "<group>"; tabWidth = 4; };
		154B02030F7816210082109B /* L0DraggableView.h */ = {isa = PBXFileReference; fileEncoding = 4; lastKnownFileType = sourcecode.c.h; path = L0DraggableView.h; sourceTree = "<group>"; tabWidth = 4; };
		154B02040F7816210082109B /* UIAlertView+L0Alert.h */ = {isa = PBXFileReference; fileEncoding = 4; lastKnownFileType = sourcecode.c.h; path = "UIAlertView+L0Alert.h"; sourceTree = "<group>"; };
		154B02160F7816910082109B /* L0SolicitReview.alert */ = {isa = PBXFileReference; fileEncoding = 4; lastKnownFileType = text.xml; path = L0SolicitReview.alert; sourceTree = "<group>"; };
		154B02200F7816FD0082109B /* en */ = {isa = PBXFileReference; fileEncoding = 4; lastKnownFileType = text.plist.strings; name = en; path = en.lproj/L0SolicitReview.strings; sourceTree = "<group>"; };
		154B02210F7816FD0082109B /* it */ = {isa = PBXFileReference; fileEncoding = 4; lastKnownFileType = text.plist.strings; name = it; path = it.lproj/L0SolicitReview.strings; sourceTree = "<group>"; };
		154B02220F78170B0082109B /* UIAlertView+L0Alert.m */ = {isa = PBXFileReference; fileEncoding = 4; lastKnownFileType = sourcecode.c.objc; path = "UIAlertView+L0Alert.m"; sourceTree = "<group>"; };
		154B02230F78170B0082109B /* UIAlertView+L0Alert.h */ = {isa = PBXFileReference; fileEncoding = 4; lastKnownFileType = sourcecode.c.h; path = "UIAlertView+L0Alert.h"; sourceTree = "<group>"; };
		1559B5C40F7987F6005E4362 /* L0UUID.m */ = {isa = PBXFileReference; fileEncoding = 4; lastKnownFileType = sourcecode.c.objc; path = L0UUID.m; sourceTree = "<group>"; };
		1559B5C50F7987F6005E4362 /* L0UUID.h */ = {isa = PBXFileReference; fileEncoding = 4; lastKnownFileType = sourcecode.c.h; path = L0UUID.h; sourceTree = "<group>"; };
		156FD76B0F7A25F900F83283 /* MuiKit.bundle */ = {isa = PBXFileReference; explicitFileType = wrapper.cfbundle; includeInIndex = 0; path = MuiKit.bundle; sourceTree = BUILT_PRODUCTS_DIR; };
		156FD76C0F7A25F900F83283 /* Info.plist */ = {isa = PBXFileReference; lastKnownFileType = text.plist.xml; path = Info.plist; sourceTree = "<group>"; };
		1578916B0F7CE8F5006FF0C0 /* L0FlipViewController.h */ = {isa = PBXFileReference; fileEncoding = 4; lastKnownFileType = sourcecode.c.h; path = L0FlipViewController.h; sourceTree = "<group>"; };
		1578916C0F7CE8F6006FF0C0 /* L0FlipViewController.m */ = {isa = PBXFileReference; fileEncoding = 4; lastKnownFileType = sourcecode.c.objc; path = L0FlipViewController.m; sourceTree = "<group>"; };
		15AF56330FBAAE9200BE7F71 /* NSURL+L0URLParsing.h */ = {isa = PBXFileReference; fileEncoding = 4; lastKnownFileType = sourcecode.c.h; path = "NSURL+L0URLParsing.h"; sourceTree = "<group>"; };
		15AF56340FBAAE9200BE7F71 /* NSURL+L0URLParsing.m */ = {isa = PBXFileReference; fileEncoding = 4; lastKnownFileType = sourcecode.c.objc; path = "NSURL+L0URLParsing.m"; sourceTree = "<group>"; };
		15B446660F79028E00DA63E9 /* MuiKit.h */ = {isa = PBXFileReference; fileEncoding = 4; lastKnownFileType = sourcecode.c.h; path = MuiKit.h; sourceTree = "<group>"; };
		15B929520F90726A001E40B7 /* UIDevice+L0ModelDetection.h */ = {isa = PBXFileReference; fileEncoding = 4; lastKnownFileType = sourcecode.c.h; path = "UIDevice+L0ModelDetection.h"; sourceTree = "<group>"; };
		15B929530F90726A001E40B7 /* UIDevice+L0ModelDetection.m */ = {isa = PBXFileReference; fileEncoding = 4; lastKnownFileType = sourcecode.c.objc; path = "UIDevice+L0ModelDetection.m"; sourceTree = "<group>"; };
		15C0401110110ECB0090B009 /* NSURL+L0URLResolvingRedirects.h */ = {isa = PBXFileReference; fileEncoding = 4; lastKnownFileType = sourcecode.c.h; path = "NSURL+L0URLResolvingRedirects.h"; sourceTree = "<group>"; };
		15C0401210110ECB0090B009 /* NSURL+L0URLResolvingRedirects.m */ = {isa = PBXFileReference; fileEncoding = 4; lastKnownFileType = sourcecode.c.objc; path = "NSURL+L0URLResolvingRedirects.m"; sourceTree = "<group>"; };
		15C0C1540FDFCF22005A75B6 /* L0KVODictionaryAdditions.h */ = {isa = PBXFileReference; fileEncoding = 4; lastKnownFileType = sourcecode.c.h; path = L0KVODictionaryAdditions.h; sourceTree = "<group>"; };
		15C34BD01084F53B00CEA68A /* L0WebViewController.h */ = {isa = PBXFileReference; fileEncoding = 4; lastKnownFileType = sourcecode.c.h; path = L0WebViewController.h; sourceTree = "<group>"; };
		15C34BD11084F53B00CEA68A /* L0WebViewController.m */ = {isa = PBXFileReference; fileEncoding = 4; lastKnownFileType = sourcecode.c.objc; path = L0WebViewController.m; sourceTree = "<group>"; };
		15C97852103C863900BA4071 /* NSData+L0IPAddressTools.h */ = {isa = PBXFileReference; fileEncoding = 4; lastKnownFileType = sourcecode.c.h; path = "NSData+L0IPAddressTools.h"; sourceTree = "<group>"; };
		15C97853103C863900BA4071 /* NSData+L0IPAddressTools.m */ = {isa = PBXFileReference; fileEncoding = 4; lastKnownFileType = sourcecode.c.objc; path = "NSData+L0IPAddressTools.m"; sourceTree = "<group>"; };
		15F603B5105BD80300F73794 /* L0Map.h */ = {isa = PBXFileReference; fileEncoding = 4; lastKnownFileType = sourcecode.c.h; path = L0Map.h; sourceTree = "<group>"; };
		15F603B6105BD80300F73794 /* L0Map.m */ = {isa = PBXFileReference; fileEncoding = 4; lastKnownFileType = sourcecode.c.objc; path = L0Map.m; sourceTree = "<group>"; };
		15FD323E0FB9600000EB8ED5 /* L0ActionSheet.h */ = {isa = PBXFileReference; fileEncoding = 4; lastKnownFileType = sourcecode.c.h; path = L0ActionSheet.h; sourceTree = "<group>"; };
		15FD323F0FB9600000EB8ED5 /* L0ActionSheet.m */ = {isa = PBXFileReference; fileEncoding = 4; lastKnownFileType = sourcecode.c.objc; path = L0ActionSheet.m; sourceTree = "<group>"; };
/* End PBXFileReference section */

/* Begin PBXFrameworksBuildPhase section */
		153B4168105BEFCA00DB8FB2 /* Frameworks */ = {
			isa = PBXFrameworksBuildPhase;
			buildActionMask = 2147483647;
			files = (
			);
			runOnlyForDeploymentPostprocessing = 0;
		};
		154635561011BD77000238EE /* Frameworks */ = {
			isa = PBXFrameworksBuildPhase;
			buildActionMask = 2147483647;
			files = (
				154635AF1011C13A000238EE /* UIKit.framework in Frameworks */,
				154635B11011C13F000238EE /* CoreGraphics.framework in Frameworks */,
			);
			runOnlyForDeploymentPostprocessing = 0;
		};
		154B01EE0F78156D0082109B /* Frameworks */ = {
			isa = PBXFrameworksBuildPhase;
			buildActionMask = 2147483647;
			files = (
			);
			runOnlyForDeploymentPostprocessing = 0;
		};
/* End PBXFrameworksBuildPhase section */

/* Begin PBXGroup section */
		153B7FE30FF2054000DDFD16 /* Network Activity Indicator */ = {
			isa = PBXGroup;
			children = (
				153B7FDF0FF2049300DDFD16 /* UIApplication+L0NetworkIndicator.h */,
				153B7FE00FF2049300DDFD16 /* UIApplication+L0NetworkIndicator.m */,
			);
			name = "Network Activity Indicator";
			sourceTree = "<group>";
		};
		154635531011BD36000238EE /* Unit Testing */ = {
			isa = PBXGroup;
			children = (
				1546355A1011BD77000238EE /* MuiKit+Test-Info.plist */,
				154635761011BDAE000238EE /* L0KVODispatcher+Test.m */,
			);
			name = "Unit Testing";
			sourceTree = "<group>";
		};
		154B01DC0F7815560082109B = {
			isa = PBXGroup;
			children = (
				154B01F60F7815CA0082109B /* MuiKit.xcconfig */,
				15B4459F0F78FAD200DA63E9 /* SDK */,
				154635531011BD36000238EE /* Unit Testing */,
				154B02100F78163C0082109B /* Sources */,
				154B01F10F78156D0082109B /* Products */,
				154635AE1011C13A000238EE /* UIKit.framework */,
				154635B01011C13F000238EE /* CoreGraphics.framework */,
			);
			sourceTree = "<group>";
		};
		154B01F10F78156D0082109B /* Products */ = {
			isa = PBXGroup;
			children = (
				154B01F00F78156D0082109B /* libMuiKit.a */,
				156FD76B0F7A25F900F83283 /* MuiKit.bundle */,
				154635591011BD77000238EE /* MuiKit+Test.octest */,
				153B416C105BEFCA00DB8FB2 /* libMuiKit-Mac.a */,
			);
			name = Products;
			sourceTree = "<group>";
		};
		154B02100F78163C0082109B /* Sources */ = {
			isa = PBXGroup;
			children = (
				15C97851103C861900BA4071 /* IP address management */,
				15C0C1530FDFCEF1005A75B6 /* KVO Additions */,
				15AF56390FBAAE9A00BE7F71 /* URL Handling */,
				15FD32440FB9600A00EB8ED5 /* Action Sheet with Identifiers */,
				15B929510F907255001E40B7 /* UIDevice Model Additions */,
				157891700F7CE909006FF0C0 /* Flip View Controller */,
				1559B5C10F7987DE005E4362 /* UUIDs */,
				154B02120F7816510082109B /* Soliciting Reviews */,
				154B02130F7816610082109B /* Image Rendering */,
				154B02140F78166E0082109B /* Saved Alerts */,
				154B02150F78167C0082109B /* Draggable Views */,
				153B7FE30FF2054000DDFD16 /* Network Activity Indicator */,
				15F6041A105BDEB500F73794 /* Map */,
				15C34BD51084F55F00CEA68A /* Web View Controller */,
			);
			name = Sources;
			sourceTree = "<group>";
		};
		154B02120F7816510082109B /* Soliciting Reviews */ = {
			isa = PBXGroup;
			children = (
				154B01FF0F7816210082109B /* L0SolicitReviewController.h */,
				154B01FC0F7816210082109B /* L0SolicitReviewController.m */,
				154B02230F78170B0082109B /* UIAlertView+L0Alert.h */,
				154B02220F78170B0082109B /* UIAlertView+L0Alert.m */,
			);
			name = "Soliciting Reviews";
			sourceTree = "<group>";
		};
		154B02130F7816610082109B /* Image Rendering */ = {
			isa = PBXGroup;
			children = (
				154B02010F7816210082109B /* UIImage+L0RenderingAdditions.h */,
				154B01FE0F7816210082109B /* UIImage+L0RenderingAdditions.m */,
			);
			name = "Image Rendering";
			sourceTree = "<group>";
		};
		154B02140F78166E0082109B /* Saved Alerts */ = {
			isa = PBXGroup;
			children = (
				154B02040F7816210082109B /* UIAlertView+L0Alert.h */,
				154B02000F7816210082109B /* UIAlertView+L0Alert.m */,
			);
			name = "Saved Alerts";
			sourceTree = "<group>";
		};
		154B02150F78167C0082109B /* Draggable Views */ = {
			isa = PBXGroup;
			children = (
				154B02030F7816210082109B /* L0DraggableView.h */,
				154B02020F7816210082109B /* L0DraggableView.m */,
			);
			name = "Draggable Views";
			sourceTree = "<group>";
		};
		1559B5C10F7987DE005E4362 /* UUIDs */ = {
			isa = PBXGroup;
			children = (
				1559B5C40F7987F6005E4362 /* L0UUID.m */,
				1559B5C50F7987F6005E4362 /* L0UUID.h */,
			);
			name = UUIDs;
			sourceTree = "<group>";
		};
		156FD77F0F7A277400F83283 /* Resources */ = {
			isa = PBXGroup;
			children = (
				156FD76C0F7A25F900F83283 /* Info.plist */,
				154B021F0F7816FD0082109B /* L0SolicitReview.strings */,
				154B02160F7816910082109B /* L0SolicitReview.alert */,
			);
			name = Resources;
			sourceTree = "<group>";
		};
		157891700F7CE909006FF0C0 /* Flip View Controller */ = {
			isa = PBXGroup;
			children = (
				1578916B0F7CE8F5006FF0C0 /* L0FlipViewController.h */,
				1578916C0F7CE8F6006FF0C0 /* L0FlipViewController.m */,
			);
			name = "Flip View Controller";
			sourceTree = "<group>";
		};
		15AF56390FBAAE9A00BE7F71 /* URL Handling */ = {
			isa = PBXGroup;
			children = (
				154B01FD0F7816210082109B /* L0ExternalURLOpeningDetection.h */,
				154B01FB0F7816210082109B /* L0ExternalURLOpeningDetection.m */,
				15AF56330FBAAE9200BE7F71 /* NSURL+L0URLParsing.h */,
				15AF56340FBAAE9200BE7F71 /* NSURL+L0URLParsing.m */,
				15C0401110110ECB0090B009 /* NSURL+L0URLResolvingRedirects.h */,
				15C0401210110ECB0090B009 /* NSURL+L0URLResolvingRedirects.m */,
			);
			name = "URL Handling";
			sourceTree = "<group>";
		};
		15B4459F0F78FAD200DA63E9 /* SDK */ = {
			isa = PBXGroup;
			children = (
				156FD77F0F7A277400F83283 /* Resources */,
				15B446660F79028E00DA63E9 /* MuiKit.h */,
			);
			name = SDK;
			sourceTree = "<group>";
		};
		15B929510F907255001E40B7 /* UIDevice Model Additions */ = {
			isa = PBXGroup;
			children = (
				15B929520F90726A001E40B7 /* UIDevice+L0ModelDetection.h */,
				15B929530F90726A001E40B7 /* UIDevice+L0ModelDetection.m */,
			);
			name = "UIDevice Model Additions";
			sourceTree = "<group>";
		};
		15C0C1530FDFCEF1005A75B6 /* KVO Additions */ = {
			isa = PBXGroup;
			children = (
				15C0C1540FDFCF22005A75B6 /* L0KVODictionaryAdditions.h */,
				1518EF541010B69D009C334E /* L0KVODispatcher.h */,
				1518EF551010B69D009C334E /* L0KVODispatcher.m */,
			);
			name = "KVO Additions";
			sourceTree = "<group>";
		};
		15C34BD51084F55F00CEA68A /* Web View Controller */ = {
			isa = PBXGroup;
			children = (
				15C34BD01084F53B00CEA68A /* L0WebViewController.h */,
				15C34BD11084F53B00CEA68A /* L0WebViewController.m */,
			);
			name = "Web View Controller";
			sourceTree = "<group>";
		};
		15C97851103C861900BA4071 /* IP address management */ = {
			isa = PBXGroup;
			children = (
				15C97852103C863900BA4071 /* NSData+L0IPAddressTools.h */,
				15C97853103C863900BA4071 /* NSData+L0IPAddressTools.m */,
			);
			name = "IP address management";
			sourceTree = "<group>";
		};
		15F6041A105BDEB500F73794 /* Map */ = {
			isa = PBXGroup;
			children = (
				15F603B5105BD80300F73794 /* L0Map.h */,
				15F603B6105BD80300F73794 /* L0Map.m */,
			);
			name = Map;
			sourceTree = "<group>";
		};
		15FD32440FB9600A00EB8ED5 /* Action Sheet with Identifiers */ = {
			isa = PBXGroup;
			children = (
				15FD323E0FB9600000EB8ED5 /* L0ActionSheet.h */,
				15FD323F0FB9600000EB8ED5 /* L0ActionSheet.m */,
			);
			name = "Action Sheet with Identifiers";
			sourceTree = "<group>";
		};
/* End PBXGroup section */

/* Begin PBXHeadersBuildPhase section */
		153B414F105BEFCA00DB8FB2 /* Headers */ = {
			isa = PBXHeadersBuildPhase;
			buildActionMask = 2147483647;
			files = (
				153B4150105BEFCA00DB8FB2 /* L0ExternalURLOpeningDetection.h in Headers */,
				153B4151105BEFCA00DB8FB2 /* L0SolicitReviewController.h in Headers */,
				153B4152105BEFCA00DB8FB2 /* UIImage+L0RenderingAdditions.h in Headers */,
				153B4153105BEFCA00DB8FB2 /* L0DraggableView.h in Headers */,
				153B4154105BEFCA00DB8FB2 /* UIAlertView+L0Alert.h in Headers */,
				153B4155105BEFCA00DB8FB2 /* L0UUID.h in Headers */,
				153B4156105BEFCA00DB8FB2 /* L0FlipViewController.h in Headers */,
				153B4157105BEFCA00DB8FB2 /* UIDevice+L0ModelDetection.h in Headers */,
			);
			runOnlyForDeploymentPostprocessing = 0;
		};
		154B01EC0F78156D0082109B /* Headers */ = {
			isa = PBXHeadersBuildPhase;
			buildActionMask = 2147483647;
			files = (
				154B02070F7816210082109B /* L0ExternalURLOpeningDetection.h in Headers */,
				154B02090F7816210082109B /* L0SolicitReviewController.h in Headers */,
				154B020B0F7816210082109B /* UIImage+L0RenderingAdditions.h in Headers */,
				154B020D0F7816210082109B /* L0DraggableView.h in Headers */,
				154B020E0F7816210082109B /* UIAlertView+L0Alert.h in Headers */,
				1559B5C70F7987F6005E4362 /* L0UUID.h in Headers */,
				1578916D0F7CE8F6006FF0C0 /* L0FlipViewController.h in Headers */,
				15B929560F90726A001E40B7 /* UIDevice+L0ModelDetection.h in Headers */,
			);
			runOnlyForDeploymentPostprocessing = 0;
		};
/* End PBXHeadersBuildPhase section */

/* Begin PBXNativeTarget section */
		153B414E105BEFCA00DB8FB2 /* MuiKit (Library - Mac OS X) */ = {
			isa = PBXNativeTarget;
			buildConfigurationList = 153B4169105BEFCA00DB8FB2 /* Build configuration list for PBXNativeTarget "MuiKit (Library - Mac OS X)" */;
			buildPhases = (
				153B414F105BEFCA00DB8FB2 /* Headers */,
				153B4158105BEFCA00DB8FB2 /* Sources */,
				153B4168105BEFCA00DB8FB2 /* Frameworks */,
			);
			buildRules = (
			);
			dependencies = (
			);
			name = "MuiKit (Library - Mac OS X)";
			productName = MuiKit;
			productReference = 153B416C105BEFCA00DB8FB2 /* libMuiKit-Mac.a */;
			productType = "com.apple.product-type.library.static";
		};
		154635581011BD77000238EE /* MuiKit+Test */ = {
			isa = PBXNativeTarget;
			buildConfigurationList = 1546355D1011BD79000238EE /* Build configuration list for PBXNativeTarget "MuiKit+Test" */;
			buildPhases = (
				154635541011BD77000238EE /* Resources */,
				154635551011BD77000238EE /* Sources */,
				154635561011BD77000238EE /* Frameworks */,
				154635571011BD77000238EE /* ShellScript */,
			);
			buildRules = (
			);
			dependencies = (
			);
			name = "MuiKit+Test";
			productName = "MuiKit+Test";
			productReference = 154635591011BD77000238EE /* MuiKit+Test.octest */;
			productType = "com.apple.product-type.bundle";
		};
		154B01EF0F78156D0082109B /* MuiKit (Library) */ = {
			isa = PBXNativeTarget;
			buildConfigurationList = 154B01F40F78156E0082109B /* Build configuration list for PBXNativeTarget "MuiKit (Library)" */;
			buildPhases = (
				154B01EC0F78156D0082109B /* Headers */,
				154B01ED0F78156D0082109B /* Sources */,
				154B01EE0F78156D0082109B /* Frameworks */,
			);
			buildRules = (
			);
			dependencies = (
			);
			name = "MuiKit (Library)";
			productName = MuiKit;
			productReference = 154B01F00F78156D0082109B /* libMuiKit.a */;
			productType = "com.apple.product-type.library.static";
		};
		156FD76A0F7A25F900F83283 /* MuiKit (Resources) */ = {
			isa = PBXNativeTarget;
			buildConfigurationList = 156FD76F0F7A25FA00F83283 /* Build configuration list for PBXNativeTarget "MuiKit (Resources)" */;
			buildPhases = (
				156FD7670F7A25F900F83283 /* Resources */,
			);
			buildRules = (
			);
			dependencies = (
			);
			name = "MuiKit (Resources)";
			productName = "MuiKit (Resources)";
			productReference = 156FD76B0F7A25F900F83283 /* MuiKit.bundle */;
			productType = "com.apple.product-type.bundle";
		};
/* End PBXNativeTarget section */

/* Begin PBXProject section */
		154B01DE0F7815560082109B /* Project object */ = {
			isa = PBXProject;
			buildConfigurationList = 154B01E10F7815560082109B /* Build configuration list for PBXProject "MuiKit" */;
			compatibilityVersion = "Xcode 3.1";
			hasScannedForEncodings = 0;
			knownRegions = (
				English,
				Japanese,
				French,
				German,
				Italian,
				it,
				en,
			);
			mainGroup = 154B01DC0F7815560082109B;
			productRefGroup = 154B01F10F78156D0082109B /* Products */;
			projectDirPath = "";
			projectRoot = "";
			targets = (
				154B01EF0F78156D0082109B /* MuiKit (Library) */,
				156FD75C0F7A259A00F83283 /* MuiKit (Headers) */,
				156FD76A0F7A25F900F83283 /* MuiKit (Resources) */,
				156FD7720F7A261B00F83283 /* MuiKit */,
				154635581011BD77000238EE /* MuiKit+Test */,
				153B414E105BEFCA00DB8FB2 /* MuiKit (Library - Mac OS X) */,
				153B41BA105BF0B100DB8FB2 /* MuiKit (Mac OS X) */,
			);
		};
/* End PBXProject section */

/* Begin PBXResourcesBuildPhase section */
		154635541011BD77000238EE /* Resources */ = {
			isa = PBXResourcesBuildPhase;
			buildActionMask = 2147483647;
			files = (
			);
			runOnlyForDeploymentPostprocessing = 0;
		};
		156FD7670F7A25F900F83283 /* Resources */ = {
			isa = PBXResourcesBuildPhase;
			buildActionMask = 2147483647;
			files = (
				156FD7700F7A260F00F83283 /* L0SolicitReview.strings in Resources */,
				156FD7710F7A260F00F83283 /* L0SolicitReview.alert in Resources */,
			);
			runOnlyForDeploymentPostprocessing = 0;
		};
/* End PBXResourcesBuildPhase section */

/* Begin PBXShellScriptBuildPhase section */
		154635571011BD77000238EE /* ShellScript */ = {
			isa = PBXShellScriptBuildPhase;
			buildActionMask = 2147483647;
			files = (
			);
			inputPaths = (
			);
			outputPaths = (
			);
			runOnlyForDeploymentPostprocessing = 0;
			shellPath = /bin/sh;
			shellScript = "# Run the unit tests in this test bundle.\n\"${SYSTEM_DEVELOPER_DIR}/Tools/RunUnitTests\"\n";
		};
/* End PBXShellScriptBuildPhase section */

/* Begin PBXSourcesBuildPhase section */
		153B4158105BEFCA00DB8FB2 /* Sources */ = {
			isa = PBXSourcesBuildPhase;
			buildActionMask = 2147483647;
			files = (
				153B4159105BEFCA00DB8FB2 /* L0ExternalURLOpeningDetection.m in Sources */,
				153B415A105BEFCA00DB8FB2 /* L0SolicitReviewController.m in Sources */,
				153B415B105BEFCA00DB8FB2 /* UIImage+L0RenderingAdditions.m in Sources */,
				153B415C105BEFCA00DB8FB2 /* UIAlertView+L0Alert.m in Sources */,
				153B415D105BEFCA00DB8FB2 /* L0DraggableView.m in Sources */,
				153B415E105BEFCA00DB8FB2 /* L0UUID.m in Sources */,
				153B415F105BEFCA00DB8FB2 /* L0FlipViewController.m in Sources */,
				153B4160105BEFCA00DB8FB2 /* UIDevice+L0ModelDetection.m in Sources */,
				153B4161105BEFCA00DB8FB2 /* L0ActionSheet.m in Sources */,
				153B4162105BEFCA00DB8FB2 /* NSURL+L0URLParsing.m in Sources */,
				153B4163105BEFCA00DB8FB2 /* UIApplication+L0NetworkIndicator.m in Sources */,
				153B4164105BEFCA00DB8FB2 /* L0KVODispatcher.m in Sources */,
				153B4165105BEFCA00DB8FB2 /* NSURL+L0URLResolvingRedirects.m in Sources */,
				153B4166105BEFCA00DB8FB2 /* NSData+L0IPAddressTools.m in Sources */,
				153B4167105BEFCA00DB8FB2 /* L0Map.m in Sources */,
			);
			runOnlyForDeploymentPostprocessing = 0;
		};
		154635551011BD77000238EE /* Sources */ = {
			isa = PBXSourcesBuildPhase;
			buildActionMask = 2147483647;
			files = (
				154635831011C0D6000238EE /* L0ActionSheet.m in Sources */,
				154635841011C0D6000238EE /* L0DraggableView.m in Sources */,
				154635851011C0D6000238EE /* L0ExternalURLOpeningDetection.m in Sources */,
				154635861011C0D6000238EE /* L0FlipViewController.m in Sources */,
				154635871011C0D6000238EE /* L0KVODispatcher+Test.m in Sources */,
				154635881011C0D6000238EE /* L0KVODispatcher.m in Sources */,
				154635891011C0D6000238EE /* L0SolicitReviewController.m in Sources */,
				1546358A1011C0D6000238EE /* L0UUID.m in Sources */,
				1546358B1011C0D6000238EE /* NSURL+L0URLParsing.m in Sources */,
				1546358C1011C0D6000238EE /* NSURL+L0URLResolvingRedirects.m in Sources */,
				1546358D1011C0D6000238EE /* UIAlertView+L0Alert.m in Sources */,
				1546358E1011C0D6000238EE /* UIApplication+L0NetworkIndicator.m in Sources */,
				1546358F1011C0D6000238EE /* UIDevice+L0ModelDetection.m in Sources */,
				154635901011C0D6000238EE /* UIImage+L0RenderingAdditions.m in Sources */,
			);
			runOnlyForDeploymentPostprocessing = 0;
		};
		154B01ED0F78156D0082109B /* Sources */ = {
			isa = PBXSourcesBuildPhase;
			buildActionMask = 2147483647;
			files = (
				154B02050F7816210082109B /* L0ExternalURLOpeningDetection.m in Sources */,
				154B02060F7816210082109B /* L0SolicitReviewController.m in Sources */,
				154B02080F7816210082109B /* UIImage+L0RenderingAdditions.m in Sources */,
				154B020A0F7816210082109B /* UIAlertView+L0Alert.m in Sources */,
				154B020C0F7816210082109B /* L0DraggableView.m in Sources */,
				1559B5C60F7987F6005E4362 /* L0UUID.m in Sources */,
				1578916E0F7CE8F6006FF0C0 /* L0FlipViewController.m in Sources */,
				15B929570F90726A001E40B7 /* UIDevice+L0ModelDetection.m in Sources */,
				15FD32410FB9600000EB8ED5 /* L0ActionSheet.m in Sources */,
				15AF56360FBAAE9200BE7F71 /* NSURL+L0URLParsing.m in Sources */,
				153B7FE20FF2049300DDFD16 /* UIApplication+L0NetworkIndicator.m in Sources */,
				1518EF571010B69D009C334E /* L0KVODispatcher.m in Sources */,
				15C0401410110ECB0090B009 /* NSURL+L0URLResolvingRedirects.m in Sources */,
				15C97855103C863900BA4071 /* NSData+L0IPAddressTools.m in Sources */,
				15F603B8105BD80300F73794 /* L0Map.m in Sources */,
				15C34BD31084F53B00CEA68A /* L0WebViewController.m in Sources */,
			);
			runOnlyForDeploymentPostprocessing = 0;
		};
/* End PBXSourcesBuildPhase section */

/* Begin PBXTargetDependency section */
		153B41BD105BF0B100DB8FB2 /* PBXTargetDependency */ = {
			isa = PBXTargetDependency;
			target = 156FD75C0F7A259A00F83283 /* MuiKit (Headers) */;
			targetProxy = 153B41BE105BF0B100DB8FB2 /* PBXContainerItemProxy */;
		};
		153B41BF105BF0B100DB8FB2 /* PBXTargetDependency */ = {
			isa = PBXTargetDependency;
			target = 156FD76A0F7A25F900F83283 /* MuiKit (Resources) */;
			targetProxy = 153B41C0105BF0B100DB8FB2 /* PBXContainerItemProxy */;
		};
		153B41C6105BF0C700DB8FB2 /* PBXTargetDependency */ = {
			isa = PBXTargetDependency;
			target = 153B414E105BEFCA00DB8FB2 /* MuiKit (Library - Mac OS X) */;
			targetProxy = 153B41C5105BF0C700DB8FB2 /* PBXContainerItemProxy */;
		};
		156FD7760F7A261F00F83283 /* PBXTargetDependency */ = {
			isa = PBXTargetDependency;
			target = 154B01EF0F78156D0082109B /* MuiKit (Library) */;
			targetProxy = 156FD7750F7A261F00F83283 /* PBXContainerItemProxy */;
		};
		156FD7780F7A261F00F83283 /* PBXTargetDependency */ = {
			isa = PBXTargetDependency;
			target = 156FD75C0F7A259A00F83283 /* MuiKit (Headers) */;
			targetProxy = 156FD7770F7A261F00F83283 /* PBXContainerItemProxy */;
		};
		156FD77A0F7A261F00F83283 /* PBXTargetDependency */ = {
			isa = PBXTargetDependency;
			target = 156FD76A0F7A25F900F83283 /* MuiKit (Resources) */;
			targetProxy = 156FD7790F7A261F00F83283 /* PBXContainerItemProxy */;
		};
/* End PBXTargetDependency section */

/* Begin PBXVariantGroup section */
		154B021F0F7816FD0082109B /* L0SolicitReview.strings */ = {
			isa = PBXVariantGroup;
			children = (
				154B02200F7816FD0082109B /* en */,
				154B02210F7816FD0082109B /* it */,
			);
			name = L0SolicitReview.strings;
			sourceTree = "<group>";
		};
/* End PBXVariantGroup section */

/* Begin XCBuildConfiguration section */
		153B416A105BEFCA00DB8FB2 /* Debug */ = {
			isa = XCBuildConfiguration;
			buildSettings = {
				ALWAYS_SEARCH_USER_PATHS = NO;
				ARCHS = "$(MUIKIT_MACOSX_ARCHS)";
				CONFIGURATION_BUILD_DIR = "$(BUILD_DIR)/$(CONFIGURATION)$(EFFECTIVE_PLATFORM_NAME)";
				CONFIGURATION_TEMP_DIR = "$(PROJECT_TEMP_DIR)/$(CONFIGURATION)$(EFFECTIVE_PLATFORM_NAME)";
				COPY_PHASE_STRIP = NO;
				GCC_DYNAMIC_NO_PIC = NO;
				GCC_OPTIMIZATION_LEVEL = 0;
				GCC_PREPROCESSOR_DEFINITIONS = "DEBUG=1";
				PREBINDING = NO;
				PRODUCT_NAME = "MuiKit-Mac";
				SDKROOT = "$(MUIKIT_MACOSX_SDKROOT)";
			};
			name = Debug;
		};
		153B416B105BEFCA00DB8FB2 /* Release */ = {
			isa = XCBuildConfiguration;
			buildSettings = {
				ALWAYS_SEARCH_USER_PATHS = NO;
				ARCHS = "$(MUIKIT_MACOSX_ARCHS)";
				CONFIGURATION_BUILD_DIR = "$(BUILD_DIR)/$(CONFIGURATION)$(EFFECTIVE_PLATFORM_NAME)";
				CONFIGURATION_TEMP_DIR = "$(PROJECT_TEMP_DIR)/$(CONFIGURATION)$(EFFECTIVE_PLATFORM_NAME)";
				COPY_PHASE_STRIP = YES;
				DEBUG_INFORMATION_FORMAT = "dwarf-with-dsym";
				GCC_ENABLE_FIX_AND_CONTINUE = NO;
				PREBINDING = NO;
				PRODUCT_NAME = "MuiKit-Mac";
				SDKROOT = "$(MUIKIT_MACOSX_SDKROOT)";
				ZERO_LINK = NO;
			};
			name = Release;
		};
		153B41C2105BF0B100DB8FB2 /* Debug */ = {
			isa = XCBuildConfiguration;
			buildSettings = {
				COPY_PHASE_STRIP = NO;
				GCC_DYNAMIC_NO_PIC = NO;
				GCC_OPTIMIZATION_LEVEL = 0;
				PRODUCT_NAME = MuiKit;
			};
			name = Debug;
		};
		153B41C3105BF0B100DB8FB2 /* Release */ = {
			isa = XCBuildConfiguration;
			buildSettings = {
				COPY_PHASE_STRIP = YES;
				DEBUG_INFORMATION_FORMAT = "dwarf-with-dsym";
				GCC_ENABLE_FIX_AND_CONTINUE = NO;
				PRODUCT_NAME = MuiKit;
				ZERO_LINK = NO;
			};
			name = Release;
		};
		1546355B1011BD79000238EE /* Debug */ = {
			isa = XCBuildConfiguration;
			buildSettings = {
				ALWAYS_SEARCH_USER_PATHS = NO;
				COPY_PHASE_STRIP = NO;
				FRAMEWORK_SEARCH_PATHS = "$(DEVELOPER_LIBRARY_DIR)/Frameworks";
				GCC_DYNAMIC_NO_PIC = NO;
				GCC_ENABLE_FIX_AND_CONTINUE = NO;
				GCC_ENABLE_OBJC_EXCEPTIONS = YES;
				GCC_OPTIMIZATION_LEVEL = 0;
				INFOPLIST_FILE = "MuiKit+Test-Info.plist";
				OTHER_LDFLAGS = (
					"-framework",
					Foundation,
					"-framework",
					SenTestingKit,
					"-framework",
					UIKit,
				);
				PREBINDING = NO;
				PRODUCT_NAME = "MuiKit+Test";
				WRAPPER_EXTENSION = octest;
			};
			name = Debug;
		};
		1546355C1011BD79000238EE /* Release */ = {
			isa = XCBuildConfiguration;
			buildSettings = {
				ALWAYS_SEARCH_USER_PATHS = NO;
				COPY_PHASE_STRIP = YES;
				DEBUG_INFORMATION_FORMAT = "dwarf-with-dsym";
				FRAMEWORK_SEARCH_PATHS = "$(DEVELOPER_LIBRARY_DIR)/Frameworks";
				GCC_ENABLE_FIX_AND_CONTINUE = NO;
				GCC_ENABLE_OBJC_EXCEPTIONS = YES;
				INFOPLIST_FILE = "MuiKit+Test-Info.plist";
				OTHER_LDFLAGS = (
					"-framework",
					Foundation,
					"-framework",
					SenTestingKit,
					"-framework",
					UIKit,
				);
				PREBINDING = NO;
				PRODUCT_NAME = "MuiKit+Test";
				WRAPPER_EXTENSION = octest;
				ZERO_LINK = NO;
			};
			name = Release;
		};
		154B01DF0F7815560082109B /* Debug */ = {
			isa = XCBuildConfiguration;
			baseConfigurationReference = 154B01F60F7815CA0082109B /* MuiKit.xcconfig */;
			buildSettings = {
				CONFIGURATION_BUILD_DIR = "$(BUILD_DIR)/$(CONFIGURATION)";
				CONFIGURATION_TEMP_DIR = "$(PROJECT_TEMP_DIR)/$(CONFIGURATION)";
				GCC_PREFIX_HEADER = "$(INFINITELABS_TOOLS)/Common/iPhone/UIKit.pch";
			};
			name = Debug;
		};
		154B01E00F7815560082109B /* Release */ = {
			isa = XCBuildConfiguration;
			baseConfigurationReference = 154B01F60F7815CA0082109B /* MuiKit.xcconfig */;
			buildSettings = {
				CONFIGURATION_BUILD_DIR = "$(BUILD_DIR)/$(CONFIGURATION)";
				CONFIGURATION_TEMP_DIR = "$(PROJECT_TEMP_DIR)/$(CONFIGURATION)";
				GCC_PREFIX_HEADER = "$(INFINITELABS_TOOLS)/Common/iPhone/UIKit.pch";
			};
			name = Release;
		};
		154B01F20F78156E0082109B /* Debug */ = {
			isa = XCBuildConfiguration;
			buildSettings = {
				ALWAYS_SEARCH_USER_PATHS = NO;
				ARCHS = "$(MUIKIT_IPHONE_ARCHS)";
				CONFIGURATION_BUILD_DIR = "$(BUILD_DIR)/$(CONFIGURATION)$(EFFECTIVE_PLATFORM_NAME)";
				CONFIGURATION_TEMP_DIR = "$(PROJECT_TEMP_DIR)/$(CONFIGURATION)$(EFFECTIVE_PLATFORM_NAME)";
				COPY_PHASE_STRIP = NO;
				GCC_DYNAMIC_NO_PIC = NO;
				GCC_OPTIMIZATION_LEVEL = 0;
				GCC_PREPROCESSOR_DEFINITIONS = "DEBUG=1";
				IPHONEOS_DEPLOYMENT_TARGET = "$(MUIKIT_IPHONEOS_DEPLOYMENT_TARGET)";
				PREBINDING = NO;
				PRODUCT_NAME = MuiKit;
				SDKROOT = "$(MUIKIT_IPHONE_SDKROOT)";
			};
			name = Debug;
		};
		154B01F30F78156E0082109B /* Release */ = {
			isa = XCBuildConfiguration;
			buildSettings = {
				ALWAYS_SEARCH_USER_PATHS = NO;
				ARCHS = "$(MUIKIT_IPHONE_ARCHS)";
				CONFIGURATION_BUILD_DIR = "$(BUILD_DIR)/$(CONFIGURATION)$(EFFECTIVE_PLATFORM_NAME)";
				CONFIGURATION_TEMP_DIR = "$(PROJECT_TEMP_DIR)/$(CONFIGURATION)$(EFFECTIVE_PLATFORM_NAME)";
				COPY_PHASE_STRIP = YES;
				DEBUG_INFORMATION_FORMAT = "dwarf-with-dsym";
				GCC_ENABLE_FIX_AND_CONTINUE = NO;
				IPHONEOS_DEPLOYMENT_TARGET = "$(MUIKIT_IPHONEOS_DEPLOYMENT_TARGET)";
				PREBINDING = NO;
				PRODUCT_NAME = MuiKit;
				SDKROOT = "$(MUIKIT_IPHONE_SDKROOT)";
				ZERO_LINK = NO;
			};
			name = Release;
		};
		156FD75D0F7A259A00F83283 /* Debug */ = {
			isa = XCBuildConfiguration;
			buildSettings = {
				CONFIGURATION_BUILD_DIR = "$(BUILD_DIR)/Headers";
				CONFIGURATION_TEMP_DIR = "$(PROJECT_TEMP_DIR)/Headers";
				COPY_PHASE_STRIP = NO;
				GCC_DYNAMIC_NO_PIC = NO;
				GCC_OPTIMIZATION_LEVEL = 0;
				PRODUCT_NAME = "MuiKit (Headers)";
			};
			name = Debug;
		};
		156FD75E0F7A259A00F83283 /* Release */ = {
			isa = XCBuildConfiguration;
			buildSettings = {
				COPY_PHASE_STRIP = YES;
				DEBUG_INFORMATION_FORMAT = "dwarf-with-dsym";
				GCC_ENABLE_FIX_AND_CONTINUE = NO;
				PRODUCT_NAME = "MuiKit (Headers)";
				ZERO_LINK = NO;
			};
			name = Release;
		};
		156FD76D0F7A25FA00F83283 /* Debug */ = {
			isa = XCBuildConfiguration;
			buildSettings = {
				ALWAYS_SEARCH_USER_PATHS = NO;
				CODE_SIGNING_REQUIRED = NO;
				CONFIGURATION_BUILD_DIR = "$(BUILD_DIR)/$(CONFIGURATION)";
				CONFIGURATION_TEMP_DIR = "$(PROJECT_TEMP_DIR)/$(CONFIGURATION)";
				COPY_PHASE_STRIP = NO;
				GCC_DYNAMIC_NO_PIC = NO;
				GCC_ENABLE_FIX_AND_CONTINUE = YES;
				GCC_MODEL_TUNING = G5;
				GCC_OPTIMIZATION_LEVEL = 0;
				GCC_PRECOMPILE_PREFIX_HEADER = YES;
				GCC_PREFIX_HEADER = "$(SYSTEM_LIBRARY_DIR)/Frameworks/AppKit.framework/Headers/AppKit.h";
				INFOPLIST_FILE = Info.plist;
				INSTALL_PATH = "$(HOME)/Library/Bundles";
				OTHER_LDFLAGS = (
					"-framework",
					Foundation,
					"-framework",
					AppKit,
				);
				PREBINDING = NO;
				PRODUCT_NAME = MuiKit;
				WRAPPER_EXTENSION = bundle;
			};
			name = Debug;
		};
		156FD76E0F7A25FA00F83283 /* Release */ = {
			isa = XCBuildConfiguration;
			buildSettings = {
				ALWAYS_SEARCH_USER_PATHS = NO;
				CODE_SIGNING_REQUIRED = NO;
				CONFIGURATION_BUILD_DIR = "$(BUILD_DIR)/$(CONFIGURATION)";
				CONFIGURATION_TEMP_DIR = "$(PROJECT_TEMP_DIR)/$(CONFIGURATION)";
				COPY_PHASE_STRIP = YES;
				DEBUG_INFORMATION_FORMAT = "dwarf-with-dsym";
				GCC_ENABLE_FIX_AND_CONTINUE = NO;
				GCC_MODEL_TUNING = G5;
				GCC_PRECOMPILE_PREFIX_HEADER = YES;
				GCC_PREFIX_HEADER = "$(SYSTEM_LIBRARY_DIR)/Frameworks/AppKit.framework/Headers/AppKit.h";
				INFOPLIST_FILE = Info.plist;
				INSTALL_PATH = "$(HOME)/Library/Bundles";
				OTHER_LDFLAGS = (
					"-framework",
					Foundation,
					"-framework",
					AppKit,
				);
				PREBINDING = NO;
				PRODUCT_NAME = MuiKit;
				WRAPPER_EXTENSION = bundle;
				ZERO_LINK = NO;
			};
			name = Release;
		};
		156FD7730F7A261B00F83283 /* Debug */ = {
			isa = XCBuildConfiguration;
			buildSettings = {
				COPY_PHASE_STRIP = NO;
				GCC_DYNAMIC_NO_PIC = NO;
				GCC_OPTIMIZATION_LEVEL = 0;
				PRODUCT_NAME = MuiKit;
			};
			name = Debug;
		};
		156FD7740F7A261B00F83283 /* Release */ = {
			isa = XCBuildConfiguration;
			buildSettings = {
				COPY_PHASE_STRIP = YES;
				DEBUG_INFORMATION_FORMAT = "dwarf-with-dsym";
				GCC_ENABLE_FIX_AND_CONTINUE = NO;
				PRODUCT_NAME = MuiKit;
				ZERO_LINK = NO;
			};
			name = Release;
		};
/* End XCBuildConfiguration section */

/* Begin XCConfigurationList section */
		153B4169105BEFCA00DB8FB2 /* Build configuration list for PBXNativeTarget "MuiKit (Library - Mac OS X)" */ = {
			isa = XCConfigurationList;
			buildConfigurations = (
				153B416A105BEFCA00DB8FB2 /* Debug */,
				153B416B105BEFCA00DB8FB2 /* Release */,
			);
			defaultConfigurationIsVisible = 0;
			defaultConfigurationName = Release;
		};
		153B41C1105BF0B100DB8FB2 /* Build configuration list for PBXAggregateTarget "MuiKit (Mac OS X)" */ = {
			isa = XCConfigurationList;
			buildConfigurations = (
				153B41C2105BF0B100DB8FB2 /* Debug */,
				153B41C3105BF0B100DB8FB2 /* Release */,
			);
			defaultConfigurationIsVisible = 0;
			defaultConfigurationName = Release;
		};
		1546355D1011BD79000238EE /* Build configuration list for PBXNativeTarget "MuiKit+Test" */ = {
			isa = XCConfigurationList;
			buildConfigurations = (
				1546355B1011BD79000238EE /* Debug */,
				1546355C1011BD79000238EE /* Release */,
			);
			defaultConfigurationIsVisible = 0;
			defaultConfigurationName = Release;
		};
		154B01E10F7815560082109B /* Build configuration list for PBXProject "MuiKit" */ = {
			isa = XCConfigurationList;
			buildConfigurations = (
				154B01DF0F7815560082109B /* Debug */,
				154B01E00F7815560082109B /* Release */,
			);
			defaultConfigurationIsVisible = 0;
			defaultConfigurationName = Release;
		};
		154B01F40F78156E0082109B /* Build configuration list for PBXNativeTarget "MuiKit (Library)" */ = {
			isa = XCConfigurationList;
			buildConfigurations = (
				154B01F20F78156E0082109B /* Debug */,
				154B01F30F78156E0082109B /* Release */,
			);
			defaultConfigurationIsVisible = 0;
			defaultConfigurationName = Release;
		};
		156FD7600F7A25B300F83283 /* Build configuration list for PBXAggregateTarget "MuiKit (Headers)" */ = {
			isa = XCConfigurationList;
			buildConfigurations = (
				156FD75D0F7A259A00F83283 /* Debug */,
				156FD75E0F7A259A00F83283 /* Release */,
			);
			defaultConfigurationIsVisible = 0;
			defaultConfigurationName = Release;
		};
		156FD76F0F7A25FA00F83283 /* Build configuration list for PBXNativeTarget "MuiKit (Resources)" */ = {
			isa = XCConfigurationList;
			buildConfigurations = (
				156FD76D0F7A25FA00F83283 /* Debug */,
				156FD76E0F7A25FA00F83283 /* Release */,
			);
			defaultConfigurationIsVisible = 0;
			defaultConfigurationName = Release;
		};
		156FD77C0F7A265C00F83283 /* Build configuration list for PBXAggregateTarget "MuiKit" */ = {
			isa = XCConfigurationList;
			buildConfigurations = (
				156FD7730F7A261B00F83283 /* Debug */,
				156FD7740F7A261B00F83283 /* Release */,
			);
			defaultConfigurationIsVisible = 0;
			defaultConfigurationName = Release;
		};
/* End XCConfigurationList section */
	};
	rootObject = 154B01DE0F7815560082109B /* Project object */;
}
